
Microsoft Visual Studio Solution File, Format Version 12.00
# Visual Studio Version 17
VisualStudioVersion = 17.12.35527.113
MinimumVisualStudioVersion = 10.0.40219.1
Project("{FAE04EC0-301F-11D3-BF4B-00C04F79EFBC}") = "MagicVilla_VillaAPI", "MagicVilla_VillaAPI\MagicVilla_VillaAPI.csproj", "{98EE5BCB-1F3D-40C5-9DA8-C6D7AA8A23A3}"
EndProject
Project("{FAE04EC0-301F-11D3-BF4B-00C04F79EFBC}") = "MagicVilla_Web", "MagicVilla_Web\MagicVilla_Web.csproj", "{80ECE8B4-964B-4FE8-AC4A-DC3A5F3180F9}"
EndProject
Project("{FAE04EC0-301F-11D3-BF4B-00C04F79EFBC}") = "MagicVilla_Utility", "MagicVilla_Utility\MagicVilla_Utility.csproj", "{37808400-8BC4-4887-A92B-F742F5EB5A5E}"
EndProject
Global
	GlobalSection(SolutionConfigurationPlatforms) = preSolution
		Debug|Any CPU = Debug|Any CPU
		Release|Any CPU = Release|Any CPU
	EndGlobalSection
	GlobalSection(ProjectConfigurationPlatforms) = postSolution
		{98EE5BCB-1F3D-40C5-9DA8-C6D7AA8A23A3}.Debug|Any CPU.ActiveCfg = Debug|Any CPU
		{98EE5BCB-1F3D-40C5-9DA8-C6D7AA8A23A3}.Debug|Any CPU.Build.0 = Debug|Any CPU
		{98EE5BCB-1F3D-40C5-9DA8-C6D7AA8A23A3}.Release|Any CPU.ActiveCfg = Release|Any CPU
		{98EE5BCB-1F3D-40C5-9DA8-C6D7AA8A23A3}.Release|Any CPU.Build.0 = Release|Any CPU
		{80ECE8B4-964B-4FE8-AC4A-DC3A5F3180F9}.Debug|Any CPU.ActiveCfg = Debug|Any CPU
		{80ECE8B4-964B-4FE8-AC4A-DC3A5F3180F9}.Debug|Any CPU.Build.0 = Debug|Any CPU
		{80ECE8B4-964B-4FE8-AC4A-DC3A5F3180F9}.Release|Any CPU.ActiveCfg = Release|Any CPU
		{80ECE8B4-964B-4FE8-AC4A-DC3A5F3180F9}.Release|Any CPU.Build.0 = Release|Any CPU
		{37808400-8BC4-4887-A92B-F742F5EB5A5E}.Debug|Any CPU.ActiveCfg = Debug|Any CPU
		{37808400-8BC4-4887-A92B-F742F5EB5A5E}.Debug|Any CPU.Build.0 = Debug|Any CPU
		{37808400-8BC4-4887-A92B-F742F5EB5A5E}.Release|Any CPU.ActiveCfg = Release|Any CPU
		{37808400-8BC4-4887-A92B-F742F5EB5A5E}.Release|Any CPU.Build.0 = Release|Any CPU
	EndGlobalSection
	GlobalSection(SolutionProperties) = preSolution
		HideSolutionNode = FALSE
	EndGlobalSection
	GlobalSection(ExtensibilityGlobals) = postSolution
		SolutionGuid = {3734209B-55A0-4AC7-A90A-DB1A67379763}
	EndGlobalSection
EndGlobal
